
Microsoft Visual Studio Solution File, Format Version 12.00
# Visual Studio Version 17
VisualStudioVersion = 17.5.33627.172
MinimumVisualStudioVersion = 10.0.40219.1
Project("{FAE04EC0-301F-11D3-BF4B-00C04F79EFBC}") = "MKFileScanner", "MKFileScanner.csproj", "{AE28D99F-FC0B-4798-9939-3DF011AE6F4C}"
EndProject
Project("{2150E333-8FDC-42A3-9474-1A3956D46DE8}") = "Solution Items", "Solution Items", "{809E7F79-E5C0-4872-93FA-AD8A7CB785CC}"
	ProjectSection(SolutionItems) = preProject
		.editorconfig = .editorconfig
	EndProjectSection
EndProject
Global
	GlobalSection(SolutionConfigurationPlatforms) = preSolution
		Debug|Any CPU = Debug|Any CPU
		Release|Any CPU = Release|Any CPU
	EndGlobalSection
	GlobalSection(ProjectConfigurationPlatforms) = postSolution
		{AE28D99F-FC0B-4798-9939-3DF011AE6F4C}.Debug|Any CPU.ActiveCfg = Debug|Any CPU
		{AE28D99F-FC0B-4798-9939-3DF011AE6F4C}.Debug|Any CPU.Build.0 = Debug|Any CPU
		{AE28D99F-FC0B-4798-9939-3DF011AE6F4C}.Release|Any CPU.ActiveCfg = Release|Any CPU
		{AE28D99F-FC0B-4798-9939-3DF011AE6F4C}.Release|Any CPU.Build.0 = Release|Any CPU
	EndGlobalSection
	GlobalSection(SolutionProperties) = preSolution
		HideSolutionNode = FALSE
	EndGlobalSection
	GlobalSection(ExtensibilityGlobals) = postSolution
		SolutionGuid = {3B071C5F-4BA3-41D3-BE1B-53EED4B66D65}
	EndGlobalSection
EndGlobal
